// !$*UTF8*$!
{
	archiveVersion = 1;
	classes = {
	};
	objectVersion = 50;
	objects = {

/* Begin PBXBuildFile section */
		CE1D86A02581B5750099F968 /* AppDelegate.m in Sources */ = {isa = PBXBuildFile; fileRef = CE1D869F2581B5750099F968 /* AppDelegate.m */; };
		CE1D86A32581B5750099F968 /* SceneDelegate.m in Sources */ = {isa = PBXBuildFile; fileRef = CE1D86A22581B5750099F968 /* SceneDelegate.m */; };
		CE1D86A62581B5750099F968 /* ViewController.m in Sources */ = {isa = PBXBuildFile; fileRef = CE1D86A52581B5750099F968 /* ViewController.m */; };
		CE1D86A92581B5750099F968 /* Main.storyboard in Resources */ = {isa = PBXBuildFile; fileRef = CE1D86A72581B5750099F968 /* Main.storyboard */; };
		CE1D86AB2581B5780099F968 /* Assets.xcassets in Resources */ = {isa = PBXBuildFile; fileRef = CE1D86AA2581B5780099F968 /* Assets.xcassets */; };
		CE1D86AE2581B5780099F968 /* LaunchScreen.storyboard in Resources */ = {isa = PBXBuildFile; fileRef = CE1D86AC2581B5780099F968 /* LaunchScreen.storyboard */; };
		CE1D86B12581B5780099F968 /* main.m in Sources */ = {isa = PBXBuildFile; fileRef = CE1D86B02581B5780099F968 /* main.m */; };
		CE1D86BA2581BAFF0099F968 /* ViewController1.m in Sources */ = {isa = PBXBuildFile; fileRef = CE1D86B92581BAFF0099F968 /* ViewController1.m */; };
/* End PBXBuildFile section */

/* Begin PBXFileReference section */
		CE1D869B2581B5750099F968 /* testChain.app */ = {isa = PBXFileReference; explicitFileType = wrapper.application; includeInIndex = 0; path = testChain.app; sourceTree = BUILT_PRODUCTS_DIR; };
		CE1D869E2581B5750099F968 /* AppDelegate.h */ = {isa = PBXFileReference; lastKnownFileType = sourcecode.c.h; path = AppDelegate.h; sourceTree = "<group>"; };
		CE1D869F2581B5750099F968 /* AppDelegate.m */ = {isa = PBXFileReference; lastKnownFileType = sourcecode.c.objc; path = AppDelegate.m; sourceTree = "<group>"; };
		CE1D86A12581B5750099F968 /* SceneDelegate.h */ = {isa = PBXFileReference; lastKnownFileType = sourcecode.c.h; path = SceneDelegate.h; sourceTree = "<group>"; };
		CE1D86A22581B5750099F968 /* SceneDelegate.m */ = {isa = PBXFileReference; lastKnownFileType = sourcecode.c.objc; path = SceneDelegate.m; sourceTree = "<group>"; };
		CE1D86A42581B5750099F968 /* ViewController.h */ = {isa = PBXFileReference; lastKnownFileType = sourcecode.c.h; path = ViewController.h; sourceTree = "<group>"; };
		CE1D86A52581B5750099F968 /* ViewController.m */ = {isa = PBXFileReference; lastKnownFileType = sourcecode.c.objc; path = ViewController.m; sourceTree = "<group>"; };
		CE1D86A82581B5750099F968 /* Base */ = {isa = PBXFileReference; lastKnownFileType = file.storyboard; name = Base; path = Base.lproj/Main.storyboard; sourceTree = "<group>"; };
		CE1D86AA2581B5780099F968 /* Assets.xcassets */ = {isa = PBXFileReference; lastKnownFileType = folder.assetcatalog; path = Assets.xcassets; sourceTree = "<group>"; };
		CE1D86AD2581B5780099F968 /* Base */ = {isa = PBXFileReference; lastKnownFileType = file.storyboard; name = Base; path = Base.lproj/LaunchScreen.storyboard; sourceTree = "<group>"; };
		CE1D86AF2581B5780099F968 /* Info.plist */ = {isa = PBXFileReference; lastKnownFileType = text.plist.xml; path = Info.plist; sourceTree = "<group>"; };
		CE1D86B02581B5780099F968 /* main.m */ = {isa = PBXFileReference; lastKnownFileType = sourcecode.c.objc; path = main.m; sourceTree = "<group>"; };
		CE1D86B82581BAFE0099F968 /* ViewController1.h */ = {isa = PBXFileReference; lastKnownFileType = sourcecode.c.h; path = ViewController1.h; sourceTree = "<group>"; };
		CE1D86B92581BAFF0099F968 /* ViewController1.m */ = {isa = PBXFileReference; lastKnownFileType = sourcecode.c.objc; path = ViewController1.m; sourceTree = "<group>"; };
/* End PBXFileReference section */

/* Begin PBXFrameworksBuildPhase section */
		CE1D86982581B5750099F968 /* Frameworks */ = {
			isa = PBXFrameworksBuildPhase;
			buildActionMask = 2147483647;
			files = (
			);
			runOnlyForDeploymentPostprocessing = 0;
		};
/* End PBXFrameworksBuildPhase section */

/* Begin PBXGroup section */
		CE1D86922581B5750099F968 = {
			isa = PBXGroup;
			children = (
				CE1D869D2581B5750099F968 /* testChain */,
				CE1D869C2581B5750099F968 /* Products */,
			);
			sourceTree = "<group>";
		};
		CE1D869C2581B5750099F968 /* Products */ = {
			isa = PBXGroup;
			children = (
				CE1D869B2581B5750099F968 /* testChain.app */,
			);
			name = Products;
			sourceTree = "<group>";
		};
		CE1D869D2581B5750099F968 /* testChain */ = {
			isa = PBXGroup;
			children = (
				CE1D869E2581B5750099F968 /* AppDelegate.h */,
				CE1D869F2581B5750099F968 /* AppDelegate.m */,
				CE1D86A12581B5750099F968 /* SceneDelegate.h */,
				CE1D86A22581B5750099F968 /* SceneDelegate.m */,
				CE1D86A42581B5750099F968 /* ViewController.h */,
				CE1D86A52581B5750099F968 /* ViewController.m */,
				CE1D86B82581BAFE0099F968 /* ViewController1.h */,
				CE1D86B92581BAFF0099F968 /* ViewController1.m */,
				CE1D86A72581B5750099F968 /* Main.storyboard */,
				CE1D86AA2581B5780099F968 /* Assets.xcassets */,
				CE1D86AC2581B5780099F968 /* LaunchScreen.storyboard */,
				CE1D86AF2581B5780099F968 /* Info.plist */,
				CE1D86B02581B5780099F968 /* main.m */,
			);
			path = testChain;
			sourceTree = "<group>";
		};
/* End PBXGroup section */

/* Begin PBXNativeTarget section */
		CE1D869A2581B5750099F968 /* testChain */ = {
			isa = PBXNativeTarget;
			buildConfigurationList = CE1D86B42581B5780099F968 /* Build configuration list for PBXNativeTarget "testChain" */;
			buildPhases = (
				CE1D86972581B5750099F968 /* Sources */,
				CE1D86982581B5750099F968 /* Frameworks */,
				CE1D86992581B5750099F968 /* Resources */,
			);
			buildRules = (
			);
			dependencies = (
			);
			name = testChain;
			productName = testChain;
			productReference = CE1D869B2581B5750099F968 /* testChain.app */;
			productType = "com.apple.product-type.application";
		};
/* End PBXNativeTarget section */

/* Begin PBXProject section */
		CE1D86932581B5750099F968 /* Project object */ = {
			isa = PBXProject;
			attributes = {
				LastUpgradeCheck = 1220;
				TargetAttributes = {
					CE1D869A2581B5750099F968 = {
						CreatedOnToolsVersion = 12.2;
					};
				};
			};
			buildConfigurationList = CE1D86962581B5750099F968 /* Build configuration list for PBXProject "testChain" */;
			compatibilityVersion = "Xcode 9.3";
			developmentRegion = en;
			hasScannedForEncodings = 0;
			knownRegions = (
				en,
				Base,
			);
			mainGroup = CE1D86922581B5750099F968;
			productRefGroup = CE1D869C2581B5750099F968 /* Products */;
			projectDirPath = "";
			projectRoot = "";
			targets = (
				CE1D869A2581B5750099F968 /* testChain */,
			);
		};
/* End PBXProject section */

/* Begin PBXResourcesBuildPhase section */
		CE1D86992581B5750099F968 /* Resources */ = {
			isa = PBXResourcesBuildPhase;
			buildActionMask = 2147483647;
			files = (
				CE1D86AE2581B5780099F968 /* LaunchScreen.storyboard in Resources */,
				CE1D86AB2581B5780099F968 /* Assets.xcassets in Resources */,
				CE1D86A92581B5750099F968 /* Main.storyboard in Resources */,
			);
			runOnlyForDeploymentPostprocessing = 0;
		};
/* End PBXResourcesBuildPhase section */

/* Begin PBXSourcesBuildPhase section */
		CE1D86972581B5750099F968 /* Sources */ = {
			isa = PBXSourcesBuildPhase;
			buildActionMask = 2147483647;
			files = (
				CE1D86BA2581BAFF0099F968 /* ViewController1.m in Sources */,
				CE1D86A62581B5750099F968 /* ViewController.m in Sources */,
				CE1D86A02581B5750099F968 /* AppDelegate.m in Sources */,
				CE1D86B12581B5780099F968 /* main.m in Sources */,
				CE1D86A32581B5750099F968 /* SceneDelegate.m in Sources */,
			);
			runOnlyForDeploymentPostprocessing = 0;
		};
/* End PBXSourcesBuildPhase section */

/* Begin PBXVariantGroup section */
		CE1D86A72581B5750099F968 /* Main.storyboard */ = {
			isa = PBXVariantGroup;
			children = (
				CE1D86A82581B5750099F968 /* Base */,
			);
			name = Main.storyboard;
			sourceTree = "<group>";
		};
		CE1D86AC2581B5780099F968 /* LaunchScreen.storyboard */ = {
			isa = PBXVariantGroup;
			children = (
				CE1D86AD2581B5780099F968 /* Base */,
			);
			name = LaunchScreen.storyboard;
			sourceTree = "<group>";
		};
/* End PBXVariantGroup section */

/* Begin XCBuildConfiguration section */
		CE1D86B22581B5780099F968 /* Debug */ = {
			isa = XCBuildConfiguration;
			buildSettings = {
				ALWAYS_SEARCH_USER_PATHS = NO;
				CLANG_ANALYZER_NONNULL = YES;
				CLANG_ANALYZER_NUMBER_OBJECT_CONVERSION = YES_AGGRESSIVE;
				CLANG_CXX_LANGUAGE_STANDARD = "gnu++14";
				CLANG_CXX_LIBRARY = "libc++";
				CLANG_ENABLE_MODULES = YES;
				CLANG_ENABLE_OBJC_ARC = YES;
				CLANG_ENABLE_OBJC_WEAK = YES;
				CLANG_WARN_BLOCK_CAPTURE_AUTORELEASING = YES;
				CLANG_WARN_BOOL_CONVERSION = YES;
				CLANG_WARN_COMMA = YES;
				CLANG_WARN_CONSTANT_CONVERSION = YES;
				CLANG_WARN_DEPRECATED_OBJC_IMPLEMENTATIONS = YES;
				CLANG_WARN_DIRECT_OBJC_ISA_USAGE = YES_ERROR;
				CLANG_WARN_DOCUMENTATION_COMMENTS = YES;
				CLANG_WARN_EMPTY_BODY = YES;
				CLANG_WARN_ENUM_CONVERSION = YES;
				CLANG_WARN_INFINITE_RECURSION = YES;
				CLANG_WARN_INT_CONVERSION = YES;
				CLANG_WARN_NON_LITERAL_NULL_CONVERSION = YES;
				CLANG_WARN_OBJC_IMPLICIT_RETAIN_SELF = YES;
				CLANG_WARN_OBJC_LITERAL_CONVERSION = YES;
				CLANG_WARN_OBJC_ROOT_CLASS = YES_ERROR;
				CLANG_WARN_QUOTED_INCLUDE_IN_FRAMEWORK_HEADER = YES;
				CLANG_WARN_RANGE_LOOP_ANALYSIS = YES;
				CLANG_WARN_STRICT_PROTOTYPES = YES;
				CLANG_WARN_SUSPICIOUS_MOVE = YES;
				CLANG_WARN_UNGUARDED_AVAILABILITY = YES_AGGRESSIVE;
				CLANG_WARN_UNREACHABLE_CODE = YES;
				CLANG_WARN__DUPLICATE_METHOD_MATCH = YES;
				COPY_PHASE_STRIP = NO;
				DEBUG_INFORMATION_FORMAT = dwarf;
				ENABLE_STRICT_OBJC_MSGSEND = YES;
				ENABLE_TESTABILITY = YES;
				GCC_C_LANGUAGE_STANDARD = gnu11;
				GCC_DYNAMIC_NO_PIC = NO;
				GCC_NO_COMMON_BLOCKS = YES;
				GCC_OPTIMIZATION_LEVEL = 0;
				GCC_PREPROCESSOR_DEFINITIONS = (
					"DEBUG=1",
					"$(inherited)",
				);
				GCC_WARN_64_TO_32_BIT_CONVERSION = YES;
				GCC_WARN_ABOUT_RETURN_TYPE = YES_ERROR;
				GCC_WARN_UNDECLARED_SELECTOR = YES;
				GCC_WARN_UNINITIALIZED_AUTOS = YES_AGGRESSIVE;
				GCC_WARN_UNUSED_FUNCTION = YES;
				GCC_WARN_UNUSED_VARIABLE = YES;
				IPHONEOS_DEPLOYMENT_TARGET = 14.2;
				MTL_ENABLE_DEBUG_INFO = INCLUDE_SOURCE;
				MTL_FAST_MATH = YES;
				ONLY_ACTIVE_ARCH = YES;
				SDKROOT = iphoneos;
			};
			name = Debug;
		};
		CE1D86B32581B5780099F968 /* Release */ = {
			isa = XCBuildConfiguration;
			buildSettings = {
				ALWAYS_SEARCH_USER_PATHS = NO;
				CLANG_ANALYZER_NONNULL = YES;
				CLANG_ANALYZER_NUMBER_OBJECT_CONVERSION = YES_AGGRESSIVE;
				CLANG_CXX_LANGUAGE_STANDARD = "gnu++14";
				CLANG_CXX_LIBRARY = "libc++";
				CLANG_ENABLE_MODULES = YES;
				CLANG_ENABLE_OBJC_ARC = YES;
				CLANG_ENABLE_OBJC_WEAK = YES;
				CLANG_WARN_BLOCK_CAPTURE_AUTORELEASING = YES;
				CLANG_WARN_BOOL_CONVERSION = YES;
				CLANG_WARN_COMMA = YES;
				CLANG_WARN_CONSTANT_CONVERSION = YES;
				CLANG_WARN_DEPRECATED_OBJC_IMPLEMENTATIONS = YES;
				CLANG_WARN_DIRECT_OBJC_ISA_USAGE = YES_ERROR;
				CLANG_WARN_DOCUMENTATION_COMMENTS = YES;
				CLANG_WARN_EMPTY_BODY = YES;
				CLANG_WARN_ENUM_CONVERSION = YES;
				CLANG_WARN_INFINITE_RECURSION = YES;
				CLANG_WARN_INT_CONVERSION = YES;
				CLANG_WARN_NON_LITERAL_NULL_CONVERSION = YES;
				CLANG_WARN_OBJC_IMPLICIT_RETAIN_SELF = YES;
				CLANG_WARN_OBJC_LITERAL_CONVERSION = YES;
				CLANG_WARN_OBJC_ROOT_CLASS = YES_ERROR;
				CLANG_WARN_QUOTED_INCLUDE_IN_FRAMEWORK_HEADER = YES;
				CLANG_WARN_RANGE_LOOP_ANALYSIS = YES;
				CLANG_WARN_STRICT_PROTOTYPES = YES;
				CLANG_WARN_SUSPICIOUS_MOVE = YES;
				CLANG_WARN_UNGUARDED_AVAILABILITY = YES_AGGRESSIVE;
				CLANG_WARN_UNREACHABLE_CODE = YES;
				CLANG_WARN__DUPLICATE_METHOD_MATCH = YES;
				COPY_PHASE_STRIP = NO;
				DEBUG_INFORMATION_FORMAT = "dwarf-with-dsym";
				ENABLE_NS_ASSERTIONS = NO;
				ENABLE_STRICT_OBJC_MSGSEND = YES;
				GCC_C_LANGUAGE_STANDARD = gnu11;
				GCC_NO_COMMON_BLOCKS = YES;
				GCC_WARN_64_TO_32_BIT_CONVERSION = YES;
				GCC_WARN_ABOUT_RETURN_TYPE = YES_ERROR;
				GCC_WARN_UNDECLARED_SELECTOR = YES;
				GCC_WARN_UNINITIALIZED_AUTOS = YES_AGGRESSIVE;
				GCC_WARN_UNUSED_FUNCTION = YES;
				GCC_WARN_UNUSED_VARIABLE = YES;
				IPHONEOS_DEPLOYMENT_TARGET = 14.2;
				MTL_ENABLE_DEBUG_INFO = NO;
				MTL_FAST_MATH = YES;
				SDKROOT = iphoneos;
				VALIDATE_PRODUCT = YES;
			};
			name = Release;
		};
		CE1D86B52581B5780099F968 /* Debug */ = {
			isa = XCBuildConfiguration;
			buildSettings = {
				ASSETCATALOG_COMPILER_APPICON_NAME = AppIcon;
				ASSETCATALOG_COMPILER_GLOBAL_ACCENT_COLOR_NAME = AccentColor;
				CODE_SIGN_STYLE = Automatic;
				DEVELOPMENT_TEAM = 9QDYP8EJ97;
				INFOPLIST_FILE = testChain/Info.plist;
				LD_RUNPATH_SEARCH_PATHS = (
					"$(inherited)",
					"@executable_path/Frameworks",
				);
				PRODUCT_BUNDLE_IDENTIFIER = com.qbz.mmm.testChain;
				PRODUCT_NAME = "$(TARGET_NAME)";
				TARGETED_DEVICE_FAMILY = "1,2";
			};
			name = Debug;
		};
		CE1D86B62581B5780099F968 /* Release */ = {
			isa = XCBuildConfiguration;
			buildSettings = {
				ASSETCATALOG_COMPILER_APPICON_NAME = AppIcon;
				ASSETCATALOG_COMPILER_GLOBAL_ACCENT_COLOR_NAME = AccentColor;
				CODE_SIGN_STYLE = Automatic;
				DEVELOPMENT_TEAM = 9QDYP8EJ97;
				INFOPLIST_FILE = testChain/Info.plist;
				LD_RUNPATH_SEARCH_PATHS = (
					"$(inherited)",
					"@executable_path/Frameworks",
				);
				PRODUCT_BUNDLE_IDENTIFIER = com.qbz.mmm.testChain;
				PRODUCT_NAME = "$(TARGET_NAME)";
				TARGETED_DEVICE_FAMILY = "1,2";
			};
			name = Release;
		};
/* End XCBuildConfiguration section */

/* Begin XCConfigurationList section */
		CE1D86962581B5750099F968 /* Build configuration list for PBXProject "testChain" */ = {
			isa = XCConfigurationList;
			buildConfigurations = (
				CE1D86B22581B5780099F968 /* Debug */,
				CE1D86B32581B5780099F968 /* Release */,
			);
			defaultConfigurationIsVisible = 0;
			defaultConfigurationName = Release;
		};
		CE1D86B42581B5780099F968 /* Build configuration list for PBXNativeTarget "testChain" */ = {
			isa = XCConfigurationList;
			buildConfigurations = (
				CE1D86B52581B5780099F968 /* Debug */,
				CE1D86B62581B5780099F968 /* Release */,
			);
			defaultConfigurationIsVisible = 0;
			defaultConfigurationName = Release;
		};
/* End XCConfigurationList section */
	};
	rootObject = CE1D86932581B5750099F968 /* Project object */;
}
